Microsoft Visual Studio Solution File, Format Version 12.00
# Visual Studio Version 17
VisualStudioVersion = 17.5.2.0
MinimumVisualStudioVersion = 10.0.40219.1
Project("{FAE04EC0-301F-11D3-BF4B-00C04F79EFBC}") = "Marcador_de_referencia", "Marcador_de_referencia.csproj", "{D668D27A-F6A8-5C91-E497-A7EF9D9FE110}"
EndProject
Global
	GlobalSection(SolutionConfigurationPlatforms) = preSolution
		Debug|Any CPU = Debug|Any CPU
		Release|Any CPU = Release|Any CPU
	EndGlobalSection
	GlobalSection(ProjectConfigurationPlatforms) = postSolution
		{D668D27A-F6A8-5C91-E497-A7EF9D9FE110}.Debug|Any CPU.ActiveCfg = Debug|Any CPU
		{D668D27A-F6A8-5C91-E497-A7EF9D9FE110}.Debug|Any CPU.Build.0 = Debug|Any CPU
		{D668D27A-F6A8-5C91-E497-A7EF9D9FE110}.Release|Any CPU.ActiveCfg = Release|Any CPU
		{D668D27A-F6A8-5C91-E497-A7EF9D9FE110}.Release|Any CPU.Build.0 = Release|Any CPU
	EndGlobalSection
	GlobalSection(SolutionProperties) = preSolution
		HideSolutionNode = FALSE
	EndGlobalSection
	GlobalSection(ExtensibilityGlobals) = postSolution
		SolutionGuid = {09839495-E730-4DC7-AF64-38DD314E2DCB}
	EndGlobalSection
EndGlobal
